{
    "_readme": [
        "This file locks the dependencies of your project to a known state",
        "Read more about it at https://getcomposer.org/doc/01-basic-usage.md#installing-dependencies",
        "This file is @generated automatically"
    ],
    "content-hash": "6aa2b050c0a73c6bfc6466a3fa569d51",
    "packages": [
        {
            "name": "components/jquery",
            "version": "3.6.0",
            "source": {
                "type": "git",
                "url": "https://github.com/components/jquery.git",
                "reference": "6cf38ee1fd04b6adf8e7dda161283aa35be818c3"
            },
            "dist": {
                "type": "zip",
                "url": "https://api.github.com/repos/components/jquery/zipball/6cf38ee1fd04b6adf8e7dda161283aa35be818c3",
                "reference": "6cf38ee1fd04b6adf8e7dda161283aa35be818c3",
                "shasum": ""
            },
            "type": "component",
            "extra": {
                "component": {
                    "scripts": [
                        "jquery.js"
                    ],
                    "files": [
                        "jquery.min.js",
                        "jquery.min.map",
                        "jquery.slim.js",
                        "jquery.slim.min.js",
                        "jquery.slim.min.map"
                    ]
                }
            },
            "notification-url": "https://packagist.org/downloads/",
            "license": [
                "MIT"
            ],
            "authors": [
                {
                    "name": "JS Foundation and other contributors"
                }
            ],
            "description": "jQuery JavaScript Library",
            "homepage": "http://jquery.com",
            "support": {
                "forum": "http://forum.jquery.com",
                "irc": "irc://irc.freenode.org/jquery",
                "issues": "https://github.com/jquery/jquery/issues",
                "source": "https://github.com/jquery/jquery",
                "wiki": "http://docs.jquery.com/"
            },
            "time": "2021-03-20T19:13:42+00:00"
        },
        {
            "name": "select2/select2",
            "version": "4.0.13",
            "source": {
                "type": "git",
                "url": "https://github.com/select2/select2.git",
                "reference": "45f2b83ceed5231afa7b3d5b12b58ad335edd82e"
            },
            "dist": {
                "type": "zip",
                "url": "https://api.github.com/repos/select2/select2/zipball/45f2b83ceed5231afa7b3d5b12b58ad335edd82e",
                "reference": "45f2b83ceed5231afa7b3d5b12b58ad335edd82e",
                "shasum": ""
            },
            "type": "component",
            "extra": {
                "component": {
                    "scripts": [
                        "dist/js/select2.js"
                    ],
                    "styles": [
                        "dist/css/select2.css"
                    ],
                    "files": [
                        "dist/js/select2.js",
                        "dist/js/i18n/*.js",
                        "dist/css/select2.css"
                    ]
                }
            },
            "notification-url": "https://packagist.org/downloads/",
            "license": [
                "MIT"
            ],
            "description": "Select2 is a jQuery based replacement for select boxes.",
            "homepage": "https://select2.org/",
            "support": {
                "issues": "https://github.com/select2/select2/issues",
                "source": "https://github.com/select2/select2/tree/4.0.13"
            },
            "time": "2020-01-28T05:01:22+00:00"
        },
        {
            "name": "twbs/bootstrap",
            "version": "v5.2.3",
            "source": {
                "type": "git",
                "url": "https://github.com/twbs/bootstrap.git",
                "reference": "cb021439c683d9805e2864c58095b92d405e9b11"
            },
            "dist": {
                "type": "zip",
                "url": "https://api.github.com/repos/twbs/bootstrap/zipball/cb021439c683d9805e2864c58095b92d405e9b11",
                "reference": "cb021439c683d9805e2864c58095b92d405e9b11",
                "shasum": ""
            },
            "replace": {
                "twitter/bootstrap": "self.version"
            },
            "type": "library",
            "notification-url": "https://packagist.org/downloads/",
            "license": [
                "MIT"
            ],
            "authors": [
                {
                    "name": "Mark Otto",
                    "email": "markdotto@gmail.com"
                },
                {
                    "name": "Jacob Thornton",
                    "email": "jacobthornton@gmail.com"
                }
            ],
            "description": "The most popular front-end framework for developing responsive, mobile first projects on the web.",
            "homepage": "https://getbootstrap.com/",
            "keywords": [
                "JS",
                "css",
                "framework",
                "front-end",
                "mobile-first",
                "responsive",
                "sass",
                "web"
            ],
            "support": {
                "issues": "https://github.com/twbs/bootstrap/issues",
                "source": "https://github.com/twbs/bootstrap/tree/v5.2.3"
            },
            "time": "2022-11-21T18:19:01+00:00"
        }
    ],
    "packages-dev": [
        {
            "name": "datatables.net/datatables.net",
            "version": "dev-master",
            "source": {
                "type": "git",
                "url": "https://github.com/DataTables/Dist-DataTables.git",
                "reference": "478ca512cbeb2e753ab2d39d3087a3709468bca6"
            },
            "dist": {
                "type": "zip",
                "url": "https://api.github.com/repos/DataTables/Dist-DataTables/zipball/478ca512cbeb2e753ab2d39d3087a3709468bca6",
                "reference": "478ca512cbeb2e753ab2d39d3087a3709468bca6",
                "shasum": ""
            },
            "require": {
                "components/jquery": ">=1.7"
            },
            "default-branch": true,
            "type": "library",
            "notification-url": "https://packagist.org/downloads/",
            "license": [
                "MIT"
            ],
            "authors": [
                {
                    "name": "SpryMedia",
                    "homepage": "https://datatables.net"
                }
            ],
            "description": "DataTables is a plug-in for the jQuery Javascript library. It is a highly flexible tool, based upon the foundations of progressive enhancement, which will add advanced interaction controls to any HTML table. This is jQuery DataTables",
            "homepage": "http://www.datatables.net/",
            "keywords": [
                "datatables",
                "jquery",
                "table"
            ],
            "support": {
                "forum": "https://datatables.net/forums",
                "source": "https://github.com/DataTables/Dist-DataTables"
            },
            "time": "2023-03-20T12:35:30+00:00"
        },
        {
            "name": "datatables.net/datatables.net-bs5",
            "version": "dev-master",
            "source": {
                "type": "git",
                "url": "https://github.com/DataTables/Dist-DataTables-Bootstrap5.git",
                "reference": "5f25a458f77697f57a1771199afb92188edbcdbc"
            },
            "dist": {
                "type": "zip",
                "url": "https://api.github.com/repos/DataTables/Dist-DataTables-Bootstrap5/zipball/5f25a458f77697f57a1771199afb92188edbcdbc",
                "reference": "5f25a458f77697f57a1771199afb92188edbcdbc",
                "shasum": ""
            },
            "require": {
                "datatables.net/datatables.net": ">=1.12.1",
                "twbs/bootstrap": "5.*"
            },
            "default-branch": true,
            "type": "library",
            "notification-url": "https://packagist.org/downloads/",
            "license": [
                "MIT"
            ],
            "authors": [
                {
                    "name": "SpryMedia",
                    "homepage": "https://datatables.net"
                }
            ],
            "description": "DataTables is a plug-in for the jQuery Javascript library. It is a highly flexible tool, based upon the foundations of progressive enhancement, which will add advanced interaction controls to any HTML table. This is DataTables with styling for [Bootstrap5](https://getbootstrap.com/)",
            "homepage": "http://www.datatables.net/",
            "keywords": [
                "bootstrap",
                "bootstrap5",
                "datatables",
                "jquery",
                "table"
            ],
            "support": {
                "forum": "https://datatables.net/forums",
                "issues": "https://github.com/DataTables/Dist-DataTables-Bootstrap5/issues",
                "source": "https://github.com/DataTables/Dist-DataTables-Bootstrap5"
            },
            "time": "2023-03-20T12:36:28+00:00"
        },
        {
            "name": "datatables.net/datatables.net-fixedheader",
            "version": "dev-master",
            "source": {
                "type": "git",
                "url": "https://github.com/DataTables/Dist-DataTables-FixedHeader.git",
                "reference": "5ba87e9161589b8ab01898bc8d8089b09c1b9028"
            },
            "dist": {
                "type": "zip",
                "url": "https://api.github.com/repos/DataTables/Dist-DataTables-FixedHeader/zipball/5ba87e9161589b8ab01898bc8d8089b09c1b9028",
                "reference": "5ba87e9161589b8ab01898bc8d8089b09c1b9028",
                "shasum": ""
            },
            "require": {
                "datatables.net/datatables.net": ">=1.12.1"
            },
            "default-branch": true,
            "type": "library",
            "notification-url": "https://packagist.org/downloads/",
            "license": [
                "MIT"
            ],
            "authors": [
                {
                    "name": "SpryMedia",
                    "homepage": "https://datatables.net"
                }
            ],
            "description": "When displaying large amounts of data in a table, it can often be useful for the end user to have the column titles always visible. This is particularly true if using DataTables with pagination disabled, or the display length is set to a high value. The FixedHeader extension provides this ability. This is FixedHeader for DataTables",
            "homepage": "http://www.datatables.net/",
            "keywords": [
                "Fixed Headers",
                "datatables",
                "fixedHeader",
                "jquery",
                "sticky",
                "table"
            ],
            "support": {
                "forum": "https://datatables.net/forums",
                "source": "https://github.com/DataTables/Dist-DataTables-FixedHeader"
            },
            "time": "2023-03-14T09:45:05+00:00"
        },
        {
            "name": "datatables.net/datatables.net-fixedheader-bs5",
            "version": "dev-master",
            "source": {
                "type": "git",
                "url": "https://github.com/DataTables/Dist-DataTables-FixedHeader-Bootstrap5.git",
                "reference": "382462f0b35639c09e137f3cdf654cfdcc584c2e"
            },
            "dist": {
                "type": "zip",
                "url": "https://api.github.com/repos/DataTables/Dist-DataTables-FixedHeader-Bootstrap5/zipball/382462f0b35639c09e137f3cdf654cfdcc584c2e",
                "reference": "382462f0b35639c09e137f3cdf654cfdcc584c2e",
                "shasum": ""
            },
            "require": {
                "datatables.net/datatables.net-bs5": ">=1.12.1",
                "datatables.net/datatables.net-fixedheader": ">=3.2.4"
            },
            "default-branch": true,
            "type": "library",
            "notification-url": "https://packagist.org/downloads/",
            "license": [
                "MIT"
            ],
            "authors": [
                {
                    "name": "SpryMedia",
                    "homepage": "https://datatables.net"
                }
            ],
            "description": "When displaying large amounts of data in a table, it can often be useful for the end user to have the column titles always visible. This is particularly true if using DataTables with pagination disabled, or the display length is set to a high value. The FixedHeader extension provides this ability. This is FixedHeader for DataTables with styling for [Bootstrap5](https://getbootstrap.com/)",
            "homepage": "http://www.datatables.net/",
            "keywords": [
                "Fixed Headers",
                "bootstrap",
                "bootstrap5",
                "datatables",
                "fixedHeader",
                "jquery",
                "sticky",
                "table"
            ],
            "support": {
                "forum": "https://datatables.net/forums",
                "issues": "https://github.com/DataTables/Dist-DataTables-FixedHeader-Bootstrap5/issues",
                "source": "https://github.com/DataTables/Dist-DataTables-FixedHeader-Bootstrap5"
            },
            "time": "2023-03-14T09:45:58+00:00"
        }
    ],
    "aliases": [],
    "minimum-stability": "dev",
    "stability-flags": {
        "datatables.net/datatables.net": 20,
        "datatables.net/datatables.net-bs5": 20,
        "datatables.net/datatables.net-fixedheader": 20,
        "datatables.net/datatables.net-fixedheader-bs5": 20
    },
    "prefer-stable": true,
    "prefer-lowest": false,
    "platform": {
        "php": ">=8.1",
        "ext-mysqli": "*"
    },
    "platform-dev": [],
    "plugin-api-version": "2.3.0"
}
